
Microsoft Visual Studio Solution File, Format Version 12.00
# Visual Studio 15
Project("{FAE04EC0-301F-11D3-BF4B-00C04F79EFBC}") = "UnityEngine.UI", "UnityEngine.UI.csproj", "{AECB488A-0879-B80F-CBF0-C6785E4301F8}"
EndProject
Project("{FAE04EC0-301F-11D3-BF4B-00C04F79EFBC}") = "Assembly-CSharp", "Assembly-CSharp.csproj", "{ED86D139-70D8-9FDB-FCAA-B9CB6CF64847}"
EndProject
Project("{FAE04EC0-301F-11D3-BF4B-00C04F79EFBC}") = "UnityEditor.UI", "UnityEditor.UI.csproj", "{FBDED3B6-B0E6-73DF-6545-7C6C073C4FA7}"
EndProject
Global
	GlobalSection(SolutionConfigurationPlatforms) = preSolution
		Debug|Any CPU = Debug|Any CPU
		Release|Any CPU = Release|Any CPU
	EndGlobalSection
	GlobalSection(ProjectConfigurationPlatforms) = postSolution
		{AECB488A-0879-B80F-CBF0-C6785E4301F8}.Debug|Any CPU.ActiveCfg = Debug|Any CPU
		{AECB488A-0879-B80F-CBF0-C6785E4301F8}.Debug|Any CPU.Build.0 = Debug|Any CPU
		{AECB488A-0879-B80F-CBF0-C6785E4301F8}.Release|Any CPU.ActiveCfg = Release|Any CPU
		{AECB488A-0879-B80F-CBF0-C6785E4301F8}.Release|Any CPU.Build.0 = Release|Any CPU
		{ED86D139-70D8-9FDB-FCAA-B9CB6CF64847}.Debug|Any CPU.ActiveCfg = Debug|Any CPU
		{ED86D139-70D8-9FDB-FCAA-B9CB6CF64847}.Debug|Any CPU.Build.0 = Debug|Any CPU
		{ED86D139-70D8-9FDB-FCAA-B9CB6CF64847}.Release|Any CPU.ActiveCfg = Release|Any CPU
		{ED86D139-70D8-9FDB-FCAA-B9CB6CF64847}.Release|Any CPU.Build.0 = Release|Any CPU
		{FBDED3B6-B0E6-73DF-6545-7C6C073C4FA7}.Debug|Any CPU.ActiveCfg = Debug|Any CPU
		{FBDED3B6-B0E6-73DF-6545-7C6C073C4FA7}.Debug|Any CPU.Build.0 = Debug|Any CPU
		{FBDED3B6-B0E6-73DF-6545-7C6C073C4FA7}.Release|Any CPU.ActiveCfg = Release|Any CPU
		{FBDED3B6-B0E6-73DF-6545-7C6C073C4FA7}.Release|Any CPU.Build.0 = Release|Any CPU
	EndGlobalSection
	GlobalSection(SolutionProperties) = preSolution
		HideSolutionNode = FALSE
	EndGlobalSection
EndGlobal
